# This file is generated by running "yarn install" inside your project.
# Manual changes might be lost - proceed with caution!

__metadata:
  version: 8
  cacheKey: 10

"@types/node@npm:^24.12.0":
  version: 24.12.0
  resolution: "@types/node@npm:24.12.0"
  dependencies:
    undici-types: "npm:~7.16.0"
  checksum: 10/e9dcf8a378af5a636353b6d88a6fae018504bab776410ac6b5411e29afbe601ba9d7957356556fc27268a62814ca4085974f785613482c18f739686efcd49655
  languageName: node
  linkType: hard

"eventemitter3@npm:^5.0.4":
  version: 5.0.4
  resolution: "eventemitter3@npm:5.0.4"
  checksum: 10/54f5c8c543650d65f92d03dbef1bb73a682a920490c44699ad8f863a6b19bbca42fb7409aa09ca09cb98a44149d9a7bc1dffd55ca88a740bd928c7be0ad666a0
  languageName: node
  linkType: hard

"typescript@npm:^6.0.1-rc":
  version: 6.0.1-rc
  resolution: "typescript@npm:6.0.1-rc"
  bin:
    tsc: bin/tsc
    tsserver: bin/tsserver
  checksum: 10/f54cabfb644efaca5edd0722c83f7039e783c7fcec499a99c6f962cf0523db7b8f3b4d0e30e9fea72e0d9702272f3666936f073653b220a05b67767250990644
  languageName: node
  linkType: hard

"typescript@patch:typescript@npm%3A^6.0.1-rc#optional!builtin<compat/typescript>":
  version: 6.0.1-rc
  resolution: "typescript@patch:typescript@npm%3A6.0.1-rc#optional!builtin<compat/typescript>::version=6.0.1-rc&hash=5786d5"
  bin:
    tsc: bin/tsc
    tsserver: bin/tsserver
  checksum: 10/cd5eac83bb20b383951e7c9bb2dbf985c20e80dfcbc79c584e93bb1d64c48e2972a8009de2c36af3e3b845fbec052b978ecc11d6efd2bad41d15ffc0914569ae
  languageName: node
  linkType: hard

"undici-types@npm:~7.16.0":
  version: 7.16.0
  resolution: "undici-types@npm:7.16.0"
  checksum: 10/db43439f69c2d94cc29f75cbfe9de86df87061d6b0c577ebe9bb3255f49b22c50162a7d7eb413b0458b6510b8ca299ac7cff38c3a29fbd31af9f504bcf7fbc0d
  languageName: node
  linkType: hard

"zfilterhub@workspace:.":
  version: 0.0.0-use.local
  resolution: "zfilterhub@workspace:."
  dependencies:
    "@types/node": "npm:^24.12.0"
    eventemitter3: "npm:^5.0.4"
    typescript: "npm:^6.0.1-rc"
  languageName: unknown
  linkType: soft
